// !$*UTF8*$!
{
	archiveVersion = 1;
	classes = {
	};
	objectVersion = 50;
	objects = {

/* Begin PBXBuildFile section */
		5AC771F1254CD06D008AD542 /* UltimatePortfolioApp.swift in Sources */ = {isa = PBXBuildFile; fileRef = 5AC771F0254CD06D008AD542 /* UltimatePortfolioApp.swift */; };
		5AC771F3254CD06D008AD542 /* ContentView.swift in Sources */ = {isa = PBXBuildFile; fileRef = 5AC771F2254CD06D008AD542 /* ContentView.swift */; };
		5AC771F5254CD078008AD542 /* Assets.xcassets in Resources */ = {isa = PBXBuildFile; fileRef = 5AC771F4254CD078008AD542 /* Assets.xcassets */; };
		5AC771F8254CD078008AD542 /* Preview Assets.xcassets in Resources */ = {isa = PBXBuildFile; fileRef = 5AC771F7254CD078008AD542 /* Preview Assets.xcassets */; };
		5AC77202254CD435008AD542 /* Main.xcdatamodeld in Sources */ = {isa = PBXBuildFile; fileRef = 5AC77200254CD435008AD542 /* Main.xcdatamodeld */; };
		5AC77205254CD6E8008AD542 /* DataController.swift in Sources */ = {isa = PBXBuildFile; fileRef = 5AC77204254CD6E8008AD542 /* DataController.swift */; };
		5AC7720B254CDCCF008AD542 /* CloudKit.framework in Frameworks */ = {isa = PBXBuildFile; fileRef = 5AC7720A254CDCCF008AD542 /* CloudKit.framework */; };
		5AC7720D254CDDCF008AD542 /* HomeView.swift in Sources */ = {isa = PBXBuildFile; fileRef = 5AC7720C254CDDCF008AD542 /* HomeView.swift */; };
		5AC77211254CDE1E008AD542 /* ProjectsView.swift in Sources */ = {isa = PBXBuildFile; fileRef = 5AC77210254CDE1E008AD542 /* ProjectsView.swift */; };
/* End PBXBuildFile section */

/* Begin PBXFileReference section */
		5AC771ED254CD06D008AD542 /* UltimatePortfolio.app */ = {isa = PBXFileReference; explicitFileType = wrapper.application; includeInIndex = 0; path = UltimatePortfolio.app; sourceTree = BUILT_PRODUCTS_DIR; };
		5AC771F0254CD06D008AD542 /* UltimatePortfolioApp.swift */ = {isa = PBXFileReference; lastKnownFileType = sourcecode.swift; path = UltimatePortfolioApp.swift; sourceTree = "<group>"; };
		5AC771F2254CD06D008AD542 /* ContentView.swift */ = {isa = PBXFileReference; lastKnownFileType = sourcecode.swift; path = ContentView.swift; sourceTree = "<group>"; };
		5AC771F4254CD078008AD542 /* Assets.xcassets */ = {isa = PBXFileReference; lastKnownFileType = folder.assetcatalog; path = Assets.xcassets; sourceTree = "<group>"; };
		5AC771F7254CD078008AD542 /* Preview Assets.xcassets */ = {isa = PBXFileReference; lastKnownFileType = folder.assetcatalog; path = "Preview Assets.xcassets"; sourceTree = "<group>"; };
		5AC771F9254CD078008AD542 /* Info.plist */ = {isa = PBXFileReference; lastKnownFileType = text.plist.xml; path = Info.plist; sourceTree = "<group>"; };
		5AC77201254CD435008AD542 /* Main.xcdatamodel */ = {isa = PBXFileReference; lastKnownFileType = wrapper.xcdatamodel; path = Main.xcdatamodel; sourceTree = "<group>"; };
		5AC77204254CD6E8008AD542 /* DataController.swift */ = {isa = PBXFileReference; lastKnownFileType = sourcecode.swift; path = DataController.swift; sourceTree = "<group>"; };
		5AC77207254CDCA8008AD542 /* UltimatePortfolio.entitlements */ = {isa = PBXFileReference; lastKnownFileType = text.plist.entitlements; path = UltimatePortfolio.entitlements; sourceTree = "<group>"; };
		5AC7720A254CDCCF008AD542 /* CloudKit.framework */ = {isa = PBXFileReference; lastKnownFileType = wrapper.framework; name = CloudKit.framework; path = System/Library/Frameworks/CloudKit.framework; sourceTree = SDKROOT; };
		5AC7720C254CDDCF008AD542 /* HomeView.swift */ = {isa = PBXFileReference; lastKnownFileType = sourcecode.swift; path = HomeView.swift; sourceTree = "<group>"; };
		5AC77210254CDE1E008AD542 /* ProjectsView.swift */ = {isa = PBXFileReference; lastKnownFileType = sourcecode.swift; path = ProjectsView.swift; sourceTree = "<group>"; };
/* End PBXFileReference section */

/* Begin PBXFrameworksBuildPhase section */
		5AC771EA254CD06D008AD542 /* Frameworks */ = {
			isa = PBXFrameworksBuildPhase;
			buildActionMask = 2147483647;
			files = (
				5AC7720B254CDCCF008AD542 /* CloudKit.framework in Frameworks */,
			);
			runOnlyForDeploymentPostprocessing = 0;
		};
/* End PBXFrameworksBuildPhase section */

/* Begin PBXGroup section */
		5AC771E4254CD06D008AD542 = {
			isa = PBXGroup;
			children = (
				5AC771EF254CD06D008AD542 /* UltimatePortfolio */,
				5AC771EE254CD06D008AD542 /* Products */,
				5AC77209254CDCCF008AD542 /* Frameworks */,
			);
			sourceTree = "<group>";
		};
		5AC771EE254CD06D008AD542 /* Products */ = {
			isa = PBXGroup;
			children = (
				5AC771ED254CD06D008AD542 /* UltimatePortfolio.app */,
			);
			name = Products;
			sourceTree = "<group>";
		};
		5AC771EF254CD06D008AD542 /* UltimatePortfolio */ = {
			isa = PBXGroup;
			children = (
				5AC77207254CDCA8008AD542 /* UltimatePortfolio.entitlements */,
				5AC771F0254CD06D008AD542 /* UltimatePortfolioApp.swift */,
				5AC7720C254CDDCF008AD542 /* HomeView.swift */,
				5AC77210254CDE1E008AD542 /* ProjectsView.swift */,
				5AC771F2254CD06D008AD542 /* ContentView.swift */,
				5AC77200254CD435008AD542 /* Main.xcdatamodeld */,
				5AC77204254CD6E8008AD542 /* DataController.swift */,
				5AC771F4254CD078008AD542 /* Assets.xcassets */,
				5AC771F9254CD078008AD542 /* Info.plist */,
				5AC771F6254CD078008AD542 /* Preview Content */,
			);
			path = UltimatePortfolio;
			sourceTree = "<group>";
		};
		5AC771F6254CD078008AD542 /* Preview Content */ = {
			isa = PBXGroup;
			children = (
				5AC771F7254CD078008AD542 /* Preview Assets.xcassets */,
			);
			path = "Preview Content";
			sourceTree = "<group>";
		};
		5AC77209254CDCCF008AD542 /* Frameworks */ = {
			isa = PBXGroup;
			children = (
				5AC7720A254CDCCF008AD542 /* CloudKit.framework */,
			);
			name = Frameworks;
			sourceTree = "<group>";
		};
/* End PBXGroup section */

/* Begin PBXNativeTarget section */
		5AC771EC254CD06D008AD542 /* UltimatePortfolio */ = {
			isa = PBXNativeTarget;
			buildConfigurationList = 5AC771FC254CD078008AD542 /* Build configuration list for PBXNativeTarget "UltimatePortfolio" */;
			buildPhases = (
				5AC771E9254CD06D008AD542 /* Sources */,
				5AC771EA254CD06D008AD542 /* Frameworks */,
				5AC771EB254CD06D008AD542 /* Resources */,
			);
			buildRules = (
			);
			dependencies = (
			);
			name = UltimatePortfolio;
			productName = UltimatePortfolio;
			productReference = 5AC771ED254CD06D008AD542 /* UltimatePortfolio.app */;
			productType = "com.apple.product-type.application";
		};
/* End PBXNativeTarget section */

/* Begin PBXProject section */
		5AC771E5254CD06D008AD542 /* Project object */ = {
			isa = PBXProject;
			attributes = {
				LastSwiftUpdateCheck = 1210;
				LastUpgradeCheck = 1210;
				TargetAttributes = {
					5AC771EC254CD06D008AD542 = {
						CreatedOnToolsVersion = 12.1;
					};
				};
			};
			buildConfigurationList = 5AC771E8254CD06D008AD542 /* Build configuration list for PBXProject "UltimatePortfolio" */;
			compatibilityVersion = "Xcode 9.3";
			developmentRegion = en;
			hasScannedForEncodings = 0;
			knownRegions = (
				en,
				Base,
			);
			mainGroup = 5AC771E4254CD06D008AD542;
			productRefGroup = 5AC771EE254CD06D008AD542 /* Products */;
			projectDirPath = "";
			projectRoot = "";
			targets = (
				5AC771EC254CD06D008AD542 /* UltimatePortfolio */,
			);
		};
/* End PBXProject section */

/* Begin PBXResourcesBuildPhase section */
		5AC771EB254CD06D008AD542 /* Resources */ = {
			isa = PBXResourcesBuildPhase;
			buildActionMask = 2147483647;
			files = (
				5AC771F8254CD078008AD542 /* Preview Assets.xcassets in Resources */,
				5AC771F5254CD078008AD542 /* Assets.xcassets in Resources */,
			);
			runOnlyForDeploymentPostprocessing = 0;
		};
/* End PBXResourcesBuildPhase section */

/* Begin PBXSourcesBuildPhase section */
		5AC771E9254CD06D008AD542 /* Sources */ = {
			isa = PBXSourcesBuildPhase;
			buildActionMask = 2147483647;
			files = (
				5AC77211254CDE1E008AD542 /* ProjectsView.swift in Sources */,
				5AC77202254CD435008AD542 /* Main.xcdatamodeld in Sources */,
				5AC77205254CD6E8008AD542 /* DataController.swift in Sources */,
				5AC771F3254CD06D008AD542 /* ContentView.swift in Sources */,
				5AC7720D254CDDCF008AD542 /* HomeView.swift in Sources */,
				5AC771F1254CD06D008AD542 /* UltimatePortfolioApp.swift in Sources */,
			);
			runOnlyForDeploymentPostprocessing = 0;
		};
/* End PBXSourcesBuildPhase section */

/* Begin XCBuildConfiguration section */
		5AC771FA254CD078008AD542 /* Debug */ = {
			isa = XCBuildConfiguration;
			buildSettings = {
				ALWAYS_SEARCH_USER_PATHS = NO;
				CLANG_ANALYZER_NONNULL = YES;
				CLANG_ANALYZER_NUMBER_OBJECT_CONVERSION = YES_AGGRESSIVE;
				CLANG_CXX_LANGUAGE_STANDARD = "gnu++14";
				CLANG_CXX_LIBRARY = "libc++";
				CLANG_ENABLE_MODULES = YES;
				CLANG_ENABLE_OBJC_ARC = YES;
				CLANG_ENABLE_OBJC_WEAK = YES;
				CLANG_WARN_BLOCK_CAPTURE_AUTORELEASING = YES;
				CLANG_WARN_BOOL_CONVERSION = YES;
				CLANG_WARN_COMMA = YES;
				CLANG_WARN_CONSTANT_CONVERSION = YES;
				CLANG_WARN_DEPRECATED_OBJC_IMPLEMENTATIONS = YES;
				CLANG_WARN_DIRECT_OBJC_ISA_USAGE = YES_ERROR;
				CLANG_WARN_DOCUMENTATION_COMMENTS = YES;
				CLANG_WARN_EMPTY_BODY = YES;
				CLANG_WARN_ENUM_CONVERSION = YES;
				CLANG_WARN_INFINITE_RECURSION = YES;
				CLANG_WARN_INT_CONVERSION = YES;
				CLANG_WARN_NON_LITERAL_NULL_CONVERSION = YES;
				CLANG_WARN_OBJC_IMPLICIT_RETAIN_SELF = YES;
				CLANG_WARN_OBJC_LITERAL_CONVERSION = YES;
				CLANG_WARN_OBJC_ROOT_CLASS = YES_ERROR;
				CLANG_WARN_QUOTED_INCLUDE_IN_FRAMEWORK_HEADER = YES;
				CLANG_WARN_RANGE_LOOP_ANALYSIS = YES;
				CLANG_WARN_STRICT_PROTOTYPES = YES;
				CLANG_WARN_SUSPICIOUS_MOVE = YES;
				CLANG_WARN_UNGUARDED_AVAILABILITY = YES_AGGRESSIVE;
				CLANG_WARN_UNREACHABLE_CODE = YES;
				CLANG_WARN__DUPLICATE_METHOD_MATCH = YES;
				COPY_PHASE_STRIP = NO;
				DEBUG_INFORMATION_FORMAT = dwarf;
				ENABLE_STRICT_OBJC_MSGSEND = YES;
				ENABLE_TESTABILITY = YES;
				GCC_C_LANGUAGE_STANDARD = gnu11;
				GCC_DYNAMIC_NO_PIC = NO;
				GCC_NO_COMMON_BLOCKS = YES;
				GCC_OPTIMIZATION_LEVEL = 0;
				GCC_PREPROCESSOR_DEFINITIONS = (
					"DEBUG=1",
					"$(inherited)",
				);
				GCC_WARN_64_TO_32_BIT_CONVERSION = YES;
				GCC_WARN_ABOUT_RETURN_TYPE = YES_ERROR;
				GCC_WARN_UNDECLARED_SELECTOR = YES;
				GCC_WARN_UNINITIALIZED_AUTOS = YES_AGGRESSIVE;
				GCC_WARN_UNUSED_FUNCTION = YES;
				GCC_WARN_UNUSED_VARIABLE = YES;
				IPHONEOS_DEPLOYMENT_TARGET = 14.1;
				MTL_ENABLE_DEBUG_INFO = INCLUDE_SOURCE;
				MTL_FAST_MATH = YES;
				ONLY_ACTIVE_ARCH = YES;
				SDKROOT = iphoneos;
				SWIFT_ACTIVE_COMPILATION_CONDITIONS = DEBUG;
				SWIFT_OPTIMIZATION_LEVEL = "-Onone";
			};
			name = Debug;
		};
		5AC771FB254CD078008AD542 /* Release */ = {
			isa = XCBuildConfiguration;
			buildSettings = {
				ALWAYS_SEARCH_USER_PATHS = NO;
				CLANG_ANALYZER_NONNULL = YES;
				CLANG_ANALYZER_NUMBER_OBJECT_CONVERSION = YES_AGGRESSIVE;
				CLANG_CXX_LANGUAGE_STANDARD = "gnu++14";
				CLANG_CXX_LIBRARY = "libc++";
				CLANG_ENABLE_MODULES = YES;
				CLANG_ENABLE_OBJC_ARC = YES;
				CLANG_ENABLE_OBJC_WEAK = YES;
				CLANG_WARN_BLOCK_CAPTURE_AUTORELEASING = YES;
				CLANG_WARN_BOOL_CONVERSION = YES;
				CLANG_WARN_COMMA = YES;
				CLANG_WARN_CONSTANT_CONVERSION = YES;
				CLANG_WARN_DEPRECATED_OBJC_IMPLEMENTATIONS = YES;
				CLANG_WARN_DIRECT_OBJC_ISA_USAGE = YES_ERROR;
				CLANG_WARN_DOCUMENTATION_COMMENTS = YES;
				CLANG_WARN_EMPTY_BODY = YES;
				CLANG_WARN_ENUM_CONVERSION = YES;
				CLANG_WARN_INFINITE_RECURSION = YES;
				CLANG_WARN_INT_CONVERSION = YES;
				CLANG_WARN_NON_LITERAL_NULL_CONVERSION = YES;
				CLANG_WARN_OBJC_IMPLICIT_RETAIN_SELF = YES;
				CLANG_WARN_OBJC_LITERAL_CONVERSION = YES;
				CLANG_WARN_OBJC_ROOT_CLASS = YES_ERROR;
				CLANG_WARN_QUOTED_INCLUDE_IN_FRAMEWORK_HEADER = YES;
				CLANG_WARN_RANGE_LOOP_ANALYSIS = YES;
				CLANG_WARN_STRICT_PROTOTYPES = YES;
				CLANG_WARN_SUSPICIOUS_MOVE = YES;
				CLANG_WARN_UNGUARDED_AVAILABILITY = YES_AGGRESSIVE;
				CLANG_WARN_UNREACHABLE_CODE = YES;
				CLANG_WARN__DUPLICATE_METHOD_MATCH = YES;
				COPY_PHASE_STRIP = NO;
				DEBUG_INFORMATION_FORMAT = "dwarf-with-dsym";
				ENABLE_NS_ASSERTIONS = NO;
				ENABLE_STRICT_OBJC_MSGSEND = YES;
				GCC_C_LANGUAGE_STANDARD = gnu11;
				GCC_NO_COMMON_BLOCKS = YES;
				GCC_WARN_64_TO_32_BIT_CONVERSION = YES;
				GCC_WARN_ABOUT_RETURN_TYPE = YES_ERROR;
				GCC_WARN_UNDECLARED_SELECTOR = YES;
				GCC_WARN_UNINITIALIZED_AUTOS = YES_AGGRESSIVE;
				GCC_WARN_UNUSED_FUNCTION = YES;
				GCC_WARN_UNUSED_VARIABLE = YES;
				IPHONEOS_DEPLOYMENT_TARGET = 14.1;
				MTL_ENABLE_DEBUG_INFO = NO;
				MTL_FAST_MATH = YES;
				SDKROOT = iphoneos;
				SWIFT_COMPILATION_MODE = wholemodule;
				SWIFT_OPTIMIZATION_LEVEL = "-O";
				VALIDATE_PRODUCT = YES;
			};
			name = Release;
		};
		5AC771FD254CD078008AD542 /* Debug */ = {
			isa = XCBuildConfiguration;
			buildSettings = {
				ASSETCATALOG_COMPILER_APPICON_NAME = AppIcon;
				ASSETCATALOG_COMPILER_GLOBAL_ACCENT_COLOR_NAME = AccentColor;
				CODE_SIGN_ENTITLEMENTS = UltimatePortfolio/UltimatePortfolio.entitlements;
				CODE_SIGN_STYLE = Automatic;
				DEVELOPMENT_ASSET_PATHS = "\"UltimatePortfolio/Preview Content\"";
				DEVELOPMENT_TEAM = M39FELUPZ8;
				ENABLE_PREVIEWS = YES;
				INFOPLIST_FILE = UltimatePortfolio/Info.plist;
				IPHONEOS_DEPLOYMENT_TARGET = 14.0;
				LD_RUNPATH_SEARCH_PATHS = (
					"$(inherited)",
					"@executable_path/Frameworks",
				);
				PRODUCT_BUNDLE_IDENTIFIER = com.lorenzolewis.UltimatePortfolio;
				PRODUCT_NAME = "$(TARGET_NAME)";
				SWIFT_VERSION = 5.0;
				TARGETED_DEVICE_FAMILY = "1,2";
			};
			name = Debug;
		};
		5AC771FE254CD078008AD542 /* Release */ = {
			isa = XCBuildConfiguration;
			buildSettings = {
				ASSETCATALOG_COMPILER_APPICON_NAME = AppIcon;
				ASSETCATALOG_COMPILER_GLOBAL_ACCENT_COLOR_NAME = AccentColor;
				CODE_SIGN_ENTITLEMENTS = UltimatePortfolio/UltimatePortfolio.entitlements;
				CODE_SIGN_STYLE = Automatic;
				DEVELOPMENT_ASSET_PATHS = "\"UltimatePortfolio/Preview Content\"";
				DEVELOPMENT_TEAM = M39FELUPZ8;
				ENABLE_PREVIEWS = YES;
				INFOPLIST_FILE = UltimatePortfolio/Info.plist;
				IPHONEOS_DEPLOYMENT_TARGET = 14.0;
				LD_RUNPATH_SEARCH_PATHS = (
					"$(inherited)",
					"@executable_path/Frameworks",
				);
				PRODUCT_BUNDLE_IDENTIFIER = com.lorenzolewis.UltimatePortfolio;
				PRODUCT_NAME = "$(TARGET_NAME)";
				SWIFT_VERSION = 5.0;
				TARGETED_DEVICE_FAMILY = "1,2";
			};
			name = Release;
		};
/* End XCBuildConfiguration section */

/* Begin XCConfigurationList section */
		5AC771E8254CD06D008AD542 /* Build configuration list for PBXProject "UltimatePortfolio" */ = {
			isa = XCConfigurationList;
			buildConfigurations = (
				5AC771FA254CD078008AD542 /* Debug */,
				5AC771FB254CD078008AD542 /* Release */,
			);
			defaultConfigurationIsVisible = 0;
			defaultConfigurationName = Release;
		};
		5AC771FC254CD078008AD542 /* Build configuration list for PBXNativeTarget "UltimatePortfolio" */ = {
			isa = XCConfigurationList;
			buildConfigurations = (
				5AC771FD254CD078008AD542 /* Debug */,
				5AC771FE254CD078008AD542 /* Release */,
			);
			defaultConfigurationIsVisible = 0;
			defaultConfigurationName = Release;
		};
/* End XCConfigurationList section */

/* Begin XCVersionGroup section */
		5AC77200254CD435008AD542 /* Main.xcdatamodeld */ = {
			isa = XCVersionGroup;
			children = (
				5AC77201254CD435008AD542 /* Main.xcdatamodel */,
			);
			currentVersion = 5AC77201254CD435008AD542 /* Main.xcdatamodel */;
			path = Main.xcdatamodeld;
			sourceTree = "<group>";
			versionGroupType = wrapper.xcdatamodel;
		};
/* End XCVersionGroup section */
	};
	rootObject = 5AC771E5254CD06D008AD542 /* Project object */;
}
